
Microsoft Visual Studio Solution File, Format Version 12.00
# Visual Studio Version 16
VisualStudioVersion = 16.0.30204.135
MinimumVisualStudioVersion = 10.0.40219.1
Project("{FAE04EC0-301F-11D3-BF4B-00C04F79EFBC}") = "Lab2", "Lab2\Lab2.csproj", "{2ECCCDA8-ECF5-4952-8758-16C194358E21}"
EndProject
Global
	GlobalSection(SolutionConfigurationPlatforms) = preSolution
		Debug|Any CPU = Debug|Any CPU
		Release|Any CPU = Release|Any CPU
	EndGlobalSection
	GlobalSection(ProjectConfigurationPlatforms) = postSolution
		{2ECCCDA8-ECF5-4952-8758-16C194358E21}.Debug|Any CPU.ActiveCfg = Debug|Any CPU
		{2ECCCDA8-ECF5-4952-8758-16C194358E21}.Debug|Any CPU.Build.0 = Debug|Any CPU
		{2ECCCDA8-ECF5-4952-8758-16C194358E21}.Release|Any CPU.ActiveCfg = Release|Any CPU
		{2ECCCDA8-ECF5-4952-8758-16C194358E21}.Release|Any CPU.Build.0 = Release|Any CPU
	EndGlobalSection
	GlobalSection(SolutionProperties) = preSolution
		HideSolutionNode = FALSE
	EndGlobalSection
	GlobalSection(ExtensibilityGlobals) = postSolution
		SolutionGuid = {04D6C4BE-DAAD-4227-A63D-2D402F654DDA}
	EndGlobalSection
EndGlobal
